// !$*UTF8*$!
{
	archiveVersion = 1;
	classes = {
	};
	objectVersion = 50;
	objects = {

/* Begin PBXBuildFile section */
		7E59D191251A4C270014B71F /* twinlake.jpg in Resources */ = {isa = PBXBuildFile; fileRef = 7E59D184251A4C270014B71F /* twinlake.jpg */; };
		7E59D192251A4C270014B71F /* stmarylake.jpg in Resources */ = {isa = PBXBuildFile; fileRef = 7E59D185251A4C270014B71F /* stmarylake.jpg */; };
		7E59D193251A4C270014B71F /* hiddenlake.jpg in Resources */ = {isa = PBXBuildFile; fileRef = 7E59D186251A4C270014B71F /* hiddenlake.jpg */; };
		7E59D194251A4C270014B71F /* landmarkData.json in Resources */ = {isa = PBXBuildFile; fileRef = 7E59D187251A4C270014B71F /* landmarkData.json */; };
		7E59D195251A4C270014B71F /* turtlerock.jpg in Resources */ = {isa = PBXBuildFile; fileRef = 7E59D188251A4C270014B71F /* turtlerock.jpg */; };
		7E59D196251A4C270014B71F /* icybay.jpg in Resources */ = {isa = PBXBuildFile; fileRef = 7E59D189251A4C270014B71F /* icybay.jpg */; };
		7E59D197251A4C270014B71F /* rainbowlake.jpg in Resources */ = {isa = PBXBuildFile; fileRef = 7E59D18A251A4C270014B71F /* rainbowlake.jpg */; };
		7E59D198251A4C270014B71F /* chilkoottrail.jpg in Resources */ = {isa = PBXBuildFile; fileRef = 7E59D18B251A4C270014B71F /* chilkoottrail.jpg */; };
		7E59D199251A4C270014B71F /* silversalmoncreek.jpg in Resources */ = {isa = PBXBuildFile; fileRef = 7E59D18C251A4C270014B71F /* silversalmoncreek.jpg */; };
		7E59D19A251A4C270014B71F /* chincoteague.jpg in Resources */ = {isa = PBXBuildFile; fileRef = 7E59D18D251A4C270014B71F /* chincoteague.jpg */; };
		7E59D19B251A4C270014B71F /* umbagog.jpg in Resources */ = {isa = PBXBuildFile; fileRef = 7E59D18E251A4C270014B71F /* umbagog.jpg */; };
		7E59D19C251A4C270014B71F /* lakemcdonald.jpg in Resources */ = {isa = PBXBuildFile; fileRef = 7E59D18F251A4C270014B71F /* lakemcdonald.jpg */; };
		7E59D19D251A4C270014B71F /* yukon_charleyrivers.jpg in Resources */ = {isa = PBXBuildFile; fileRef = 7E59D190251A4C270014B71F /* yukon_charleyrivers.jpg */; };
		7E59D1A2251A4C460014B71F /* Data.swift in Sources */ = {isa = PBXBuildFile; fileRef = 7E59D1A1251A4C460014B71F /* Data.swift */; };
		7E59D1A7251A4C6B0014B71F /* Landmark.swift in Sources */ = {isa = PBXBuildFile; fileRef = 7E59D1A6251A4C6B0014B71F /* Landmark.swift */; };
		7E59D1AF251A4D990014B71F /* LandmarkRow.swift in Sources */ = {isa = PBXBuildFile; fileRef = 7E59D1AE251A4D990014B71F /* LandmarkRow.swift */; };
		7E59D1B4251A4F3C0014B71F /* LandmarkList.swift in Sources */ = {isa = PBXBuildFile; fileRef = 7E59D1B3251A4F3C0014B71F /* LandmarkList.swift */; };
		7E89B1402518CCF7009134C4 /* AppDelegate.swift in Sources */ = {isa = PBXBuildFile; fileRef = 7E89B13F2518CCF7009134C4 /* AppDelegate.swift */; };
		7E89B1422518CCF7009134C4 /* SceneDelegate.swift in Sources */ = {isa = PBXBuildFile; fileRef = 7E89B1412518CCF7009134C4 /* SceneDelegate.swift */; };
		7E89B1442518CCF7009134C4 /* LandmarkDetail.swift in Sources */ = {isa = PBXBuildFile; fileRef = 7E89B1432518CCF7009134C4 /* LandmarkDetail.swift */; };
		7E89B1462518CCF7009134C4 /* Assets.xcassets in Resources */ = {isa = PBXBuildFile; fileRef = 7E89B1452518CCF7009134C4 /* Assets.xcassets */; };
		7E89B1492518CCF7009134C4 /* Preview Assets.xcassets in Resources */ = {isa = PBXBuildFile; fileRef = 7E89B1482518CCF7009134C4 /* Preview Assets.xcassets */; };
		7E89B14C2518CCF7009134C4 /* LaunchScreen.storyboard in Resources */ = {isa = PBXBuildFile; fileRef = 7E89B14A2518CCF7009134C4 /* LaunchScreen.storyboard */; };
		7E89B1572518CCF7009134C4 /* LandmarksTests.swift in Sources */ = {isa = PBXBuildFile; fileRef = 7E89B1562518CCF7009134C4 /* LandmarksTests.swift */; };
		7E89B1622518CCF8009134C4 /* LandmarksUITests.swift in Sources */ = {isa = PBXBuildFile; fileRef = 7E89B1612518CCF8009134C4 /* LandmarksUITests.swift */; };
		7EFF60702518D207008ED4E7 /* CircleImage.swift in Sources */ = {isa = PBXBuildFile; fileRef = 7EFF606F2518D207008ED4E7 /* CircleImage.swift */; };
		7EFF60752518D322008ED4E7 /* MapView.swift in Sources */ = {isa = PBXBuildFile; fileRef = 7EFF60742518D322008ED4E7 /* MapView.swift */; };
/* End PBXBuildFile section */

/* Begin PBXContainerItemProxy section */
		7E89B1532518CCF7009134C4 /* PBXContainerItemProxy */ = {
			isa = PBXContainerItemProxy;
			containerPortal = 7E89B1342518CCF7009134C4 /* Project object */;
			proxyType = 1;
			remoteGlobalIDString = 7E89B13B2518CCF7009134C4;
			remoteInfo = Landmarks;
		};
		7E89B15E2518CCF8009134C4 /* PBXContainerItemProxy */ = {
			isa = PBXContainerItemProxy;
			containerPortal = 7E89B1342518CCF7009134C4 /* Project object */;
			proxyType = 1;
			remoteGlobalIDString = 7E89B13B2518CCF7009134C4;
			remoteInfo = Landmarks;
		};
/* End PBXContainerItemProxy section */

/* Begin PBXFileReference section */
		7E59D184251A4C270014B71F /* twinlake.jpg */ = {isa = PBXFileReference; lastKnownFileType = image.jpeg; path = twinlake.jpg; sourceTree = "<group>"; };
		7E59D185251A4C270014B71F /* stmarylake.jpg */ = {isa = PBXFileReference; lastKnownFileType = image.jpeg; path = stmarylake.jpg; sourceTree = "<group>"; };
		7E59D186251A4C270014B71F /* hiddenlake.jpg */ = {isa = PBXFileReference; lastKnownFileType = image.jpeg; path = hiddenlake.jpg; sourceTree = "<group>"; };
		7E59D187251A4C270014B71F /* landmarkData.json */ = {isa = PBXFileReference; fileEncoding = 4; lastKnownFileType = text.json; path = landmarkData.json; sourceTree = "<group>"; };
		7E59D188251A4C270014B71F /* turtlerock.jpg */ = {isa = PBXFileReference; lastKnownFileType = image.jpeg; path = turtlerock.jpg; sourceTree = "<group>"; };
		7E59D189251A4C270014B71F /* icybay.jpg */ = {isa = PBXFileReference; lastKnownFileType = image.jpeg; path = icybay.jpg; sourceTree = "<group>"; };
		7E59D18A251A4C270014B71F /* rainbowlake.jpg */ = {isa = PBXFileReference; lastKnownFileType = image.jpeg; path = rainbowlake.jpg; sourceTree = "<group>"; };
		7E59D18B251A4C270014B71F /* chilkoottrail.jpg */ = {isa = PBXFileReference; lastKnownFileType = image.jpeg; path = chilkoottrail.jpg; sourceTree = "<group>"; };
		7E59D18C251A4C270014B71F /* silversalmoncreek.jpg */ = {isa = PBXFileReference; lastKnownFileType = image.jpeg; path = silversalmoncreek.jpg; sourceTree = "<group>"; };
		7E59D18D251A4C270014B71F /* chincoteague.jpg */ = {isa = PBXFileReference; lastKnownFileType = image.jpeg; path = chincoteague.jpg; sourceTree = "<group>"; };
		7E59D18E251A4C270014B71F /* umbagog.jpg */ = {isa = PBXFileReference; lastKnownFileType = image.jpeg; path = umbagog.jpg; sourceTree = "<group>"; };
		7E59D18F251A4C270014B71F /* lakemcdonald.jpg */ = {isa = PBXFileReference; lastKnownFileType = image.jpeg; path = lakemcdonald.jpg; sourceTree = "<group>"; };
		7E59D190251A4C270014B71F /* yukon_charleyrivers.jpg */ = {isa = PBXFileReference; lastKnownFileType = image.jpeg; path = yukon_charleyrivers.jpg; sourceTree = "<group>"; };
		7E59D1A1251A4C460014B71F /* Data.swift */ = {isa = PBXFileReference; lastKnownFileType = sourcecode.swift; path = Data.swift; sourceTree = "<group>"; };
		7E59D1A6251A4C6B0014B71F /* Landmark.swift */ = {isa = PBXFileReference; lastKnownFileType = sourcecode.swift; path = Landmark.swift; sourceTree = "<group>"; };
		7E59D1AE251A4D990014B71F /* LandmarkRow.swift */ = {isa = PBXFileReference; lastKnownFileType = sourcecode.swift; path = LandmarkRow.swift; sourceTree = "<group>"; };
		7E59D1B3251A4F3C0014B71F /* LandmarkList.swift */ = {isa = PBXFileReference; lastKnownFileType = sourcecode.swift; path = LandmarkList.swift; sourceTree = "<group>"; };
		7E89B13C2518CCF7009134C4 /* Landmarks.app */ = {isa = PBXFileReference; explicitFileType = wrapper.application; includeInIndex = 0; path = Landmarks.app; sourceTree = BUILT_PRODUCTS_DIR; };
		7E89B13F2518CCF7009134C4 /* AppDelegate.swift */ = {isa = PBXFileReference; lastKnownFileType = sourcecode.swift; path = AppDelegate.swift; sourceTree = "<group>"; };
		7E89B1412518CCF7009134C4 /* SceneDelegate.swift */ = {isa = PBXFileReference; lastKnownFileType = sourcecode.swift; path = SceneDelegate.swift; sourceTree = "<group>"; };
		7E89B1432518CCF7009134C4 /* LandmarkDetail.swift */ = {isa = PBXFileReference; lastKnownFileType = sourcecode.swift; path = LandmarkDetail.swift; sourceTree = "<group>"; };
		7E89B1452518CCF7009134C4 /* Assets.xcassets */ = {isa = PBXFileReference; lastKnownFileType = folder.assetcatalog; path = Assets.xcassets; sourceTree = "<group>"; };
		7E89B1482518CCF7009134C4 /* Preview Assets.xcassets */ = {isa = PBXFileReference; lastKnownFileType = folder.assetcatalog; path = "Preview Assets.xcassets"; sourceTree = "<group>"; };
		7E89B14B2518CCF7009134C4 /* Base */ = {isa = PBXFileReference; lastKnownFileType = file.storyboard; name = Base; path = Base.lproj/LaunchScreen.storyboard; sourceTree = "<group>"; };
		7E89B14D2518CCF7009134C4 /* Info.plist */ = {isa = PBXFileReference; lastKnownFileType = text.plist.xml; path = Info.plist; sourceTree = "<group>"; };
		7E89B1522518CCF7009134C4 /* LandmarksTests.xctest */ = {isa = PBXFileReference; explicitFileType = wrapper.cfbundle; includeInIndex = 0; path = LandmarksTests.xctest; sourceTree = BUILT_PRODUCTS_DIR; };
		7E89B1562518CCF7009134C4 /* LandmarksTests.swift */ = {isa = PBXFileReference; lastKnownFileType = sourcecode.swift; path = LandmarksTests.swift; sourceTree = "<group>"; };
		7E89B1582518CCF7009134C4 /* Info.plist */ = {isa = PBXFileReference; lastKnownFileType = text.plist.xml; path = Info.plist; sourceTree = "<group>"; };
		7E89B15D2518CCF8009134C4 /* LandmarksUITests.xctest */ = {isa = PBXFileReference; explicitFileType = wrapper.cfbundle; includeInIndex = 0; path = LandmarksUITests.xctest; sourceTree = BUILT_PRODUCTS_DIR; };
		7E89B1612518CCF8009134C4 /* LandmarksUITests.swift */ = {isa = PBXFileReference; lastKnownFileType = sourcecode.swift; path = LandmarksUITests.swift; sourceTree = "<group>"; };
		7E89B1632518CCF8009134C4 /* Info.plist */ = {isa = PBXFileReference; lastKnownFileType = text.plist.xml; path = Info.plist; sourceTree = "<group>"; };
		7EFF606F2518D207008ED4E7 /* CircleImage.swift */ = {isa = PBXFileReference; lastKnownFileType = sourcecode.swift; path = CircleImage.swift; sourceTree = "<group>"; };
		7EFF60742518D322008ED4E7 /* MapView.swift */ = {isa = PBXFileReference; lastKnownFileType = sourcecode.swift; path = MapView.swift; sourceTree = "<group>"; };
/* End PBXFileReference section */

/* Begin PBXFrameworksBuildPhase section */
		7E89B1392518CCF7009134C4 /* Frameworks */ = {
			isa = PBXFrameworksBuildPhase;
			buildActionMask = 2147483647;
			files = (
			);
			runOnlyForDeploymentPostprocessing = 0;
		};
		7E89B14F2518CCF7009134C4 /* Frameworks */ = {
			isa = PBXFrameworksBuildPhase;
			buildActionMask = 2147483647;
			files = (
			);
			runOnlyForDeploymentPostprocessing = 0;
		};
		7E89B15A2518CCF8009134C4 /* Frameworks */ = {
			isa = PBXFrameworksBuildPhase;
			buildActionMask = 2147483647;
			files = (
			);
			runOnlyForDeploymentPostprocessing = 0;
		};
/* End PBXFrameworksBuildPhase section */

/* Begin PBXGroup section */
		7E59D175251A4B070014B71F /* Supporting Views */ = {
			isa = PBXGroup;
			children = (
				7EFF606F2518D207008ED4E7 /* CircleImage.swift */,
				7EFF60742518D322008ED4E7 /* MapView.swift */,
			);
			path = "Supporting Views";
			sourceTree = "<group>";
		};
		7E59D17F251A4B810014B71F /* Models */ = {
			isa = PBXGroup;
			children = (
				7E59D1A1251A4C460014B71F /* Data.swift */,
				7E59D1A6251A4C6B0014B71F /* Landmark.swift */,
			);
			path = Models;
			sourceTree = "<group>";
		};
		7E59D183251A4BE00014B71F /* Resources */ = {
			isa = PBXGroup;
			children = (
				7E59D187251A4C270014B71F /* landmarkData.json */,
				7E59D18B251A4C270014B71F /* chilkoottrail.jpg */,
				7E59D18D251A4C270014B71F /* chincoteague.jpg */,
				7E59D186251A4C270014B71F /* hiddenlake.jpg */,
				7E59D189251A4C270014B71F /* icybay.jpg */,
				7E59D18F251A4C270014B71F /* lakemcdonald.jpg */,
				7E59D18A251A4C270014B71F /* rainbowlake.jpg */,
				7E59D18C251A4C270014B71F /* silversalmoncreek.jpg */,
				7E59D185251A4C270014B71F /* stmarylake.jpg */,
				7E59D188251A4C270014B71F /* turtlerock.jpg */,
				7E59D184251A4C270014B71F /* twinlake.jpg */,
				7E59D18E251A4C270014B71F /* umbagog.jpg */,
				7E59D190251A4C270014B71F /* yukon_charleyrivers.jpg */,
			);
			path = Resources;
			sourceTree = "<group>";
		};
		7E89B1332518CCF7009134C4 = {
			isa = PBXGroup;
			children = (
				7E89B13E2518CCF7009134C4 /* Landmarks */,
				7E89B1552518CCF7009134C4 /* LandmarksTests */,
				7E89B1602518CCF8009134C4 /* LandmarksUITests */,
				7E89B13D2518CCF7009134C4 /* Products */,
			);
			sourceTree = "<group>";
		};
		7E89B13D2518CCF7009134C4 /* Products */ = {
			isa = PBXGroup;
			children = (
				7E89B13C2518CCF7009134C4 /* Landmarks.app */,
				7E89B1522518CCF7009134C4 /* LandmarksTests.xctest */,
				7E89B15D2518CCF8009134C4 /* LandmarksUITests.xctest */,
			);
			name = Products;
			sourceTree = "<group>";
		};
		7E89B13E2518CCF7009134C4 /* Landmarks */ = {
			isa = PBXGroup;
			children = (
				7E59D17F251A4B810014B71F /* Models */,
				7E89B13F2518CCF7009134C4 /* AppDelegate.swift */,
				7E89B1412518CCF7009134C4 /* SceneDelegate.swift */,
				7E89B1432518CCF7009134C4 /* LandmarkDetail.swift */,
				7E59D1AE251A4D990014B71F /* LandmarkRow.swift */,
				7E59D1B3251A4F3C0014B71F /* LandmarkList.swift */,
				7E59D175251A4B070014B71F /* Supporting Views */,
				7E59D183251A4BE00014B71F /* Resources */,
				7E89B1452518CCF7009134C4 /* Assets.xcassets */,
				7E89B14A2518CCF7009134C4 /* LaunchScreen.storyboard */,
				7E89B14D2518CCF7009134C4 /* Info.plist */,
				7E89B1472518CCF7009134C4 /* Preview Content */,
			);
			path = Landmarks;
			sourceTree = "<group>";
		};
		7E89B1472518CCF7009134C4 /* Preview Content */ = {
			isa = PBXGroup;
			children = (
				7E89B1482518CCF7009134C4 /* Preview Assets.xcassets */,
			);
			path = "Preview Content";
			sourceTree = "<group>";
		};
		7E89B1552518CCF7009134C4 /* LandmarksTests */ = {
			isa = PBXGroup;
			children = (
				7E89B1562518CCF7009134C4 /* LandmarksTests.swift */,
				7E89B1582518CCF7009134C4 /* Info.plist */,
			);
			path = LandmarksTests;
			sourceTree = "<group>";
		};
		7E89B1602518CCF8009134C4 /* LandmarksUITests */ = {
			isa = PBXGroup;
			children = (
				7E89B1612518CCF8009134C4 /* LandmarksUITests.swift */,
				7E89B1632518CCF8009134C4 /* Info.plist */,
			);
			path = LandmarksUITests;
			sourceTree = "<group>";
		};
/* End PBXGroup section */

/* Begin PBXNativeTarget section */
		7E89B13B2518CCF7009134C4 /* Landmarks */ = {
			isa = PBXNativeTarget;
			buildConfigurationList = 7E89B1662518CCF8009134C4 /* Build configuration list for PBXNativeTarget "Landmarks" */;
			buildPhases = (
				7E89B1382518CCF7009134C4 /* Sources */,
				7E89B1392518CCF7009134C4 /* Frameworks */,
				7E89B13A2518CCF7009134C4 /* Resources */,
			);
			buildRules = (
			);
			dependencies = (
			);
			name = Landmarks;
			productName = Landmarks;
			productReference = 7E89B13C2518CCF7009134C4 /* Landmarks.app */;
			productType = "com.apple.product-type.application";
		};
		7E89B1512518CCF7009134C4 /* LandmarksTests */ = {
			isa = PBXNativeTarget;
			buildConfigurationList = 7E89B1692518CCF8009134C4 /* Build configuration list for PBXNativeTarget "LandmarksTests" */;
			buildPhases = (
				7E89B14E2518CCF7009134C4 /* Sources */,
				7E89B14F2518CCF7009134C4 /* Frameworks */,
				7E89B1502518CCF7009134C4 /* Resources */,
			);
			buildRules = (
			);
			dependencies = (
				7E89B1542518CCF7009134C4 /* PBXTargetDependency */,
			);
			name = LandmarksTests;
			productName = LandmarksTests;
			productReference = 7E89B1522518CCF7009134C4 /* LandmarksTests.xctest */;
			productType = "com.apple.product-type.bundle.unit-test";
		};
		7E89B15C2518CCF8009134C4 /* LandmarksUITests */ = {
			isa = PBXNativeTarget;
			buildConfigurationList = 7E89B16C2518CCF8009134C4 /* Build configuration list for PBXNativeTarget "LandmarksUITests" */;
			buildPhases = (
				7E89B1592518CCF8009134C4 /* Sources */,
				7E89B15A2518CCF8009134C4 /* Frameworks */,
				7E89B15B2518CCF8009134C4 /* Resources */,
			);
			buildRules = (
			);
			dependencies = (
				7E89B15F2518CCF8009134C4 /* PBXTargetDependency */,
			);
			name = LandmarksUITests;
			productName = LandmarksUITests;
			productReference = 7E89B15D2518CCF8009134C4 /* LandmarksUITests.xctest */;
			productType = "com.apple.product-type.bundle.ui-testing";
		};
/* End PBXNativeTarget section */

/* Begin PBXProject section */
		7E89B1342518CCF7009134C4 /* Project object */ = {
			isa = PBXProject;
			attributes = {
				LastSwiftUpdateCheck = 1200;
				LastUpgradeCheck = 1200;
				TargetAttributes = {
					7E89B13B2518CCF7009134C4 = {
						CreatedOnToolsVersion = 12.0;
					};
					7E89B1512518CCF7009134C4 = {
						CreatedOnToolsVersion = 12.0;
						TestTargetID = 7E89B13B2518CCF7009134C4;
					};
					7E89B15C2518CCF8009134C4 = {
						CreatedOnToolsVersion = 12.0;
						TestTargetID = 7E89B13B2518CCF7009134C4;
					};
				};
			};
			buildConfigurationList = 7E89B1372518CCF7009134C4 /* Build configuration list for PBXProject "Landmarks" */;
			compatibilityVersion = "Xcode 9.3";
			developmentRegion = en;
			hasScannedForEncodings = 0;
			knownRegions = (
				en,
				Base,
			);
			mainGroup = 7E89B1332518CCF7009134C4;
			productRefGroup = 7E89B13D2518CCF7009134C4 /* Products */;
			projectDirPath = "";
			projectRoot = "";
			targets = (
				7E89B13B2518CCF7009134C4 /* Landmarks */,
				7E89B1512518CCF7009134C4 /* LandmarksTests */,
				7E89B15C2518CCF8009134C4 /* LandmarksUITests */,
			);
		};
/* End PBXProject section */

/* Begin PBXResourcesBuildPhase section */
		7E89B13A2518CCF7009134C4 /* Resources */ = {
			isa = PBXResourcesBuildPhase;
			buildActionMask = 2147483647;
			files = (
				7E89B14C2518CCF7009134C4 /* LaunchScreen.storyboard in Resources */,
				7E59D197251A4C270014B71F /* rainbowlake.jpg in Resources */,
				7E59D19B251A4C270014B71F /* umbagog.jpg in Resources */,
				7E59D192251A4C270014B71F /* stmarylake.jpg in Resources */,
				7E59D194251A4C270014B71F /* landmarkData.json in Resources */,
				7E89B1492518CCF7009134C4 /* Preview Assets.xcassets in Resources */,
				7E59D19C251A4C270014B71F /* lakemcdonald.jpg in Resources */,
				7E59D19A251A4C270014B71F /* chincoteague.jpg in Resources */,
				7E59D195251A4C270014B71F /* turtlerock.jpg in Resources */,
				7E59D198251A4C270014B71F /* chilkoottrail.jpg in Resources */,
				7E59D191251A4C270014B71F /* twinlake.jpg in Resources */,
				7E59D193251A4C270014B71F /* hiddenlake.jpg in Resources */,
				7E59D199251A4C270014B71F /* silversalmoncreek.jpg in Resources */,
				7E59D196251A4C270014B71F /* icybay.jpg in Resources */,
				7E59D19D251A4C270014B71F /* yukon_charleyrivers.jpg in Resources */,
				7E89B1462518CCF7009134C4 /* Assets.xcassets in Resources */,
			);
			runOnlyForDeploymentPostprocessing = 0;
		};
		7E89B1502518CCF7009134C4 /* Resources */ = {
			isa = PBXResourcesBuildPhase;
			buildActionMask = 2147483647;
			files = (
			);
			runOnlyForDeploymentPostprocessing = 0;
		};
		7E89B15B2518CCF8009134C4 /* Resources */ = {
			isa = PBXResourcesBuildPhase;
			buildActionMask = 2147483647;
			files = (
			);
			runOnlyForDeploymentPostprocessing = 0;
		};
/* End PBXResourcesBuildPhase section */

/* Begin PBXSourcesBuildPhase section */
		7E89B1382518CCF7009134C4 /* Sources */ = {
			isa = PBXSourcesBuildPhase;
			buildActionMask = 2147483647;
			files = (
				7E59D1A7251A4C6B0014B71F /* Landmark.swift in Sources */,
				7E89B1402518CCF7009134C4 /* AppDelegate.swift in Sources */,
				7E59D1A2251A4C460014B71F /* Data.swift in Sources */,
				7EFF60702518D207008ED4E7 /* CircleImage.swift in Sources */,
				7E59D1B4251A4F3C0014B71F /* LandmarkList.swift in Sources */,
				7EFF60752518D322008ED4E7 /* MapView.swift in Sources */,
				7E89B1422518CCF7009134C4 /* SceneDelegate.swift in Sources */,
				7E59D1AF251A4D990014B71F /* LandmarkRow.swift in Sources */,
				7E89B1442518CCF7009134C4 /* LandmarkDetail.swift in Sources */,
			);
			runOnlyForDeploymentPostprocessing = 0;
		};
		7E89B14E2518CCF7009134C4 /* Sources */ = {
			isa = PBXSourcesBuildPhase;
			buildActionMask = 2147483647;
			files = (
				7E89B1572518CCF7009134C4 /* LandmarksTests.swift in Sources */,
			);
			runOnlyForDeploymentPostprocessing = 0;
		};
		7E89B1592518CCF8009134C4 /* Sources */ = {
			isa = PBXSourcesBuildPhase;
			buildActionMask = 2147483647;
			files = (
				7E89B1622518CCF8009134C4 /* LandmarksUITests.swift in Sources */,
			);
			runOnlyForDeploymentPostprocessing = 0;
		};
/* End PBXSourcesBuildPhase section */

/* Begin PBXTargetDependency section */
		7E89B1542518CCF7009134C4 /* PBXTargetDependency */ = {
			isa = PBXTargetDependency;
			target = 7E89B13B2518CCF7009134C4 /* Landmarks */;
			targetProxy = 7E89B1532518CCF7009134C4 /* PBXContainerItemProxy */;
		};
		7E89B15F2518CCF8009134C4 /* PBXTargetDependency */ = {
			isa = PBXTargetDependency;
			target = 7E89B13B2518CCF7009134C4 /* Landmarks */;
			targetProxy = 7E89B15E2518CCF8009134C4 /* PBXContainerItemProxy */;
		};
/* End PBXTargetDependency section */

/* Begin PBXVariantGroup section */
		7E89B14A2518CCF7009134C4 /* LaunchScreen.storyboard */ = {
			isa = PBXVariantGroup;
			children = (
				7E89B14B2518CCF7009134C4 /* Base */,
			);
			name = LaunchScreen.storyboard;
			sourceTree = "<group>";
		};
/* End PBXVariantGroup section */

/* Begin XCBuildConfiguration section */
		7E89B1642518CCF8009134C4 /* Debug */ = {
			isa = XCBuildConfiguration;
			buildSettings = {
				ALWAYS_SEARCH_USER_PATHS = NO;
				CLANG_ANALYZER_NONNULL = YES;
				CLANG_ANALYZER_NUMBER_OBJECT_CONVERSION = YES_AGGRESSIVE;
				CLANG_CXX_LANGUAGE_STANDARD = "gnu++14";
				CLANG_CXX_LIBRARY = "libc++";
				CLANG_ENABLE_MODULES = YES;
				CLANG_ENABLE_OBJC_ARC = YES;
				CLANG_ENABLE_OBJC_WEAK = YES;
				CLANG_WARN_BLOCK_CAPTURE_AUTORELEASING = YES;
				CLANG_WARN_BOOL_CONVERSION = YES;
				CLANG_WARN_COMMA = YES;
				CLANG_WARN_CONSTANT_CONVERSION = YES;
				CLANG_WARN_DEPRECATED_OBJC_IMPLEMENTATIONS = YES;
				CLANG_WARN_DIRECT_OBJC_ISA_USAGE = YES_ERROR;
				CLANG_WARN_DOCUMENTATION_COMMENTS = YES;
				CLANG_WARN_EMPTY_BODY = YES;
				CLANG_WARN_ENUM_CONVERSION = YES;
				CLANG_WARN_INFINITE_RECURSION = YES;
				CLANG_WARN_INT_CONVERSION = YES;
				CLANG_WARN_NON_LITERAL_NULL_CONVERSION = YES;
				CLANG_WARN_OBJC_IMPLICIT_RETAIN_SELF = YES;
				CLANG_WARN_OBJC_LITERAL_CONVERSION = YES;
				CLANG_WARN_OBJC_ROOT_CLASS = YES_ERROR;
				CLANG_WARN_QUOTED_INCLUDE_IN_FRAMEWORK_HEADER = YES;
				CLANG_WARN_RANGE_LOOP_ANALYSIS = YES;
				CLANG_WARN_STRICT_PROTOTYPES = YES;
				CLANG_WARN_SUSPICIOUS_MOVE = YES;
				CLANG_WARN_UNGUARDED_AVAILABILITY = YES_AGGRESSIVE;
				CLANG_WARN_UNREACHABLE_CODE = YES;
				CLANG_WARN__DUPLICATE_METHOD_MATCH = YES;
				COPY_PHASE_STRIP = NO;
				DEBUG_INFORMATION_FORMAT = dwarf;
				ENABLE_STRICT_OBJC_MSGSEND = YES;
				ENABLE_TESTABILITY = YES;
				GCC_C_LANGUAGE_STANDARD = gnu11;
				GCC_DYNAMIC_NO_PIC = NO;
				GCC_NO_COMMON_BLOCKS = YES;
				GCC_OPTIMIZATION_LEVEL = 0;
				GCC_PREPROCESSOR_DEFINITIONS = (
					"DEBUG=1",
					"$(inherited)",
				);
				GCC_WARN_64_TO_32_BIT_CONVERSION = YES;
				GCC_WARN_ABOUT_RETURN_TYPE = YES_ERROR;
				GCC_WARN_UNDECLARED_SELECTOR = YES;
				GCC_WARN_UNINITIALIZED_AUTOS = YES_AGGRESSIVE;
				GCC_WARN_UNUSED_FUNCTION = YES;
				GCC_WARN_UNUSED_VARIABLE = YES;
				IPHONEOS_DEPLOYMENT_TARGET = 14.0;
				MTL_ENABLE_DEBUG_INFO = INCLUDE_SOURCE;
				MTL_FAST_MATH = YES;
				ONLY_ACTIVE_ARCH = YES;
				SDKROOT = iphoneos;
				SWIFT_ACTIVE_COMPILATION_CONDITIONS = DEBUG;
				SWIFT_OPTIMIZATION_LEVEL = "-Onone";
			};
			name = Debug;
		};
		7E89B1652518CCF8009134C4 /* Release */ = {
			isa = XCBuildConfiguration;
			buildSettings = {
				ALWAYS_SEARCH_USER_PATHS = NO;
				CLANG_ANALYZER_NONNULL = YES;
				CLANG_ANALYZER_NUMBER_OBJECT_CONVERSION = YES_AGGRESSIVE;
				CLANG_CXX_LANGUAGE_STANDARD = "gnu++14";
				CLANG_CXX_LIBRARY = "libc++";
				CLANG_ENABLE_MODULES = YES;
				CLANG_ENABLE_OBJC_ARC = YES;
				CLANG_ENABLE_OBJC_WEAK = YES;
				CLANG_WARN_BLOCK_CAPTURE_AUTORELEASING = YES;
				CLANG_WARN_BOOL_CONVERSION = YES;
				CLANG_WARN_COMMA = YES;
				CLANG_WARN_CONSTANT_CONVERSION = YES;
				CLANG_WARN_DEPRECATED_OBJC_IMPLEMENTATIONS = YES;
				CLANG_WARN_DIRECT_OBJC_ISA_USAGE = YES_ERROR;
				CLANG_WARN_DOCUMENTATION_COMMENTS = YES;
				CLANG_WARN_EMPTY_BODY = YES;
				CLANG_WARN_ENUM_CONVERSION = YES;
				CLANG_WARN_INFINITE_RECURSION = YES;
				CLANG_WARN_INT_CONVERSION = YES;
				CLANG_WARN_NON_LITERAL_NULL_CONVERSION = YES;
				CLANG_WARN_OBJC_IMPLICIT_RETAIN_SELF = YES;
				CLANG_WARN_OBJC_LITERAL_CONVERSION = YES;
				CLANG_WARN_OBJC_ROOT_CLASS = YES_ERROR;
				CLANG_WARN_QUOTED_INCLUDE_IN_FRAMEWORK_HEADER = YES;
				CLANG_WARN_RANGE_LOOP_ANALYSIS = YES;
				CLANG_WARN_STRICT_PROTOTYPES = YES;
				CLANG_WARN_SUSPICIOUS_MOVE = YES;
				CLANG_WARN_UNGUARDED_AVAILABILITY = YES_AGGRESSIVE;
				CLANG_WARN_UNREACHABLE_CODE = YES;
				CLANG_WARN__DUPLICATE_METHOD_MATCH = YES;
				COPY_PHASE_STRIP = NO;
				DEBUG_INFORMATION_FORMAT = "dwarf-with-dsym";
				ENABLE_NS_ASSERTIONS = NO;
				ENABLE_STRICT_OBJC_MSGSEND = YES;
				GCC_C_LANGUAGE_STANDARD = gnu11;
				GCC_NO_COMMON_BLOCKS = YES;
				GCC_WARN_64_TO_32_BIT_CONVERSION = YES;
				GCC_WARN_ABOUT_RETURN_TYPE = YES_ERROR;
				GCC_WARN_UNDECLARED_SELECTOR = YES;
				GCC_WARN_UNINITIALIZED_AUTOS = YES_AGGRESSIVE;
				GCC_WARN_UNUSED_FUNCTION = YES;
				GCC_WARN_UNUSED_VARIABLE = YES;
				IPHONEOS_DEPLOYMENT_TARGET = 14.0;
				MTL_ENABLE_DEBUG_INFO = NO;
				MTL_FAST_MATH = YES;
				SDKROOT = iphoneos;
				SWIFT_COMPILATION_MODE = wholemodule;
				SWIFT_OPTIMIZATION_LEVEL = "-O";
				VALIDATE_PRODUCT = YES;
			};
			name = Release;
		};
		7E89B1672518CCF8009134C4 /* Debug */ = {
			isa = XCBuildConfiguration;
			buildSettings = {
				ASSETCATALOG_COMPILER_APPICON_NAME = AppIcon;
				ASSETCATALOG_COMPILER_GLOBAL_ACCENT_COLOR_NAME = AccentColor;
				CODE_SIGN_STYLE = Automatic;
				DEVELOPMENT_ASSET_PATHS = "\"Landmarks/Preview Content\"";
				DEVELOPMENT_TEAM = VBLS39QX3Y;
				ENABLE_PREVIEWS = YES;
				INFOPLIST_FILE = Landmarks/Info.plist;
				LD_RUNPATH_SEARCH_PATHS = (
					"$(inherited)",
					"@executable_path/Frameworks",
				);
				PRODUCT_BUNDLE_IDENTIFIER = com.hyunsik.Landmarks;
				PRODUCT_NAME = "$(TARGET_NAME)";
				SWIFT_VERSION = 5.0;
				TARGETED_DEVICE_FAMILY = "1,2";
			};
			name = Debug;
		};
		7E89B1682518CCF8009134C4 /* Release */ = {
			isa = XCBuildConfiguration;
			buildSettings = {
				ASSETCATALOG_COMPILER_APPICON_NAME = AppIcon;
				ASSETCATALOG_COMPILER_GLOBAL_ACCENT_COLOR_NAME = AccentColor;
				CODE_SIGN_STYLE = Automatic;
				DEVELOPMENT_ASSET_PATHS = "\"Landmarks/Preview Content\"";
				DEVELOPMENT_TEAM = VBLS39QX3Y;
				ENABLE_PREVIEWS = YES;
				INFOPLIST_FILE = Landmarks/Info.plist;
				LD_RUNPATH_SEARCH_PATHS = (
					"$(inherited)",
					"@executable_path/Frameworks",
				);
				PRODUCT_BUNDLE_IDENTIFIER = com.hyunsik.Landmarks;
				PRODUCT_NAME = "$(TARGET_NAME)";
				SWIFT_VERSION = 5.0;
				TARGETED_DEVICE_FAMILY = "1,2";
			};
			name = Release;
		};
		7E89B16A2518CCF8009134C4 /* Debug */ = {
			isa = XCBuildConfiguration;
			buildSettings = {
				ALWAYS_EMBED_SWIFT_STANDARD_LIBRARIES = YES;
				BUNDLE_LOADER = "$(TEST_HOST)";
				CODE_SIGN_STYLE = Automatic;
				DEVELOPMENT_TEAM = VBLS39QX3Y;
				INFOPLIST_FILE = LandmarksTests/Info.plist;
				IPHONEOS_DEPLOYMENT_TARGET = 14.0;
				LD_RUNPATH_SEARCH_PATHS = (
					"$(inherited)",
					"@executable_path/Frameworks",
					"@loader_path/Frameworks",
				);
				PRODUCT_BUNDLE_IDENTIFIER = com.hyunsik.LandmarksTests;
				PRODUCT_NAME = "$(TARGET_NAME)";
				SWIFT_VERSION = 5.0;
				TARGETED_DEVICE_FAMILY = "1,2";
				TEST_HOST = "$(BUILT_PRODUCTS_DIR)/Landmarks.app/Landmarks";
			};
			name = Debug;
		};
		7E89B16B2518CCF8009134C4 /* Release */ = {
			isa = XCBuildConfiguration;
			buildSettings = {
				ALWAYS_EMBED_SWIFT_STANDARD_LIBRARIES = YES;
				BUNDLE_LOADER = "$(TEST_HOST)";
				CODE_SIGN_STYLE = Automatic;
				DEVELOPMENT_TEAM = VBLS39QX3Y;
				INFOPLIST_FILE = LandmarksTests/Info.plist;
				IPHONEOS_DEPLOYMENT_TARGET = 14.0;
				LD_RUNPATH_SEARCH_PATHS = (
					"$(inherited)",
					"@executable_path/Frameworks",
					"@loader_path/Frameworks",
				);
				PRODUCT_BUNDLE_IDENTIFIER = com.hyunsik.LandmarksTests;
				PRODUCT_NAME = "$(TARGET_NAME)";
				SWIFT_VERSION = 5.0;
				TARGETED_DEVICE_FAMILY = "1,2";
				TEST_HOST = "$(BUILT_PRODUCTS_DIR)/Landmarks.app/Landmarks";
			};
			name = Release;
		};
		7E89B16D2518CCF8009134C4 /* Debug */ = {
			isa = XCBuildConfiguration;
			buildSettings = {
				ALWAYS_EMBED_SWIFT_STANDARD_LIBRARIES = YES;
				CODE_SIGN_STYLE = Automatic;
				DEVELOPMENT_TEAM = VBLS39QX3Y;
				INFOPLIST_FILE = LandmarksUITests/Info.plist;
				LD_RUNPATH_SEARCH_PATHS = (
					"$(inherited)",
					"@executable_path/Frameworks",
					"@loader_path/Frameworks",
				);
				PRODUCT_BUNDLE_IDENTIFIER = com.hyunsik.LandmarksUITests;
				PRODUCT_NAME = "$(TARGET_NAME)";
				SWIFT_VERSION = 5.0;
				TARGETED_DEVICE_FAMILY = "1,2";
				TEST_TARGET_NAME = Landmarks;
			};
			name = Debug;
		};
		7E89B16E2518CCF8009134C4 /* Release */ = {
			isa = XCBuildConfiguration;
			buildSettings = {
				ALWAYS_EMBED_SWIFT_STANDARD_LIBRARIES = YES;
				CODE_SIGN_STYLE = Automatic;
				DEVELOPMENT_TEAM = VBLS39QX3Y;
				INFOPLIST_FILE = LandmarksUITests/Info.plist;
				LD_RUNPATH_SEARCH_PATHS = (
					"$(inherited)",
					"@executable_path/Frameworks",
					"@loader_path/Frameworks",
				);
				PRODUCT_BUNDLE_IDENTIFIER = com.hyunsik.LandmarksUITests;
				PRODUCT_NAME = "$(TARGET_NAME)";
				SWIFT_VERSION = 5.0;
				TARGETED_DEVICE_FAMILY = "1,2";
				TEST_TARGET_NAME = Landmarks;
			};
			name = Release;
		};
/* End XCBuildConfiguration section */

/* Begin XCConfigurationList section */
		7E89B1372518CCF7009134C4 /* Build configuration list for PBXProject "Landmarks" */ = {
			isa = XCConfigurationList;
			buildConfigurations = (
				7E89B1642518CCF8009134C4 /* Debug */,
				7E89B1652518CCF8009134C4 /* Release */,
			);
			defaultConfigurationIsVisible = 0;
			defaultConfigurationName = Release;
		};
		7E89B1662518CCF8009134C4 /* Build configuration list for PBXNativeTarget "Landmarks" */ = {
			isa = XCConfigurationList;
			buildConfigurations = (
				7E89B1672518CCF8009134C4 /* Debug */,
				7E89B1682518CCF8009134C4 /* Release */,
			);
			defaultConfigurationIsVisible = 0;
			defaultConfigurationName = Release;
		};
		7E89B1692518CCF8009134C4 /* Build configuration list for PBXNativeTarget "LandmarksTests" */ = {
			isa = XCConfigurationList;
			buildConfigurations = (
				7E89B16A2518CCF8009134C4 /* Debug */,
				7E89B16B2518CCF8009134C4 /* Release */,
			);
			defaultConfigurationIsVisible = 0;
			defaultConfigurationName = Release;
		};
		7E89B16C2518CCF8009134C4 /* Build configuration list for PBXNativeTarget "LandmarksUITests" */ = {
			isa = XCConfigurationList;
			buildConfigurations = (
				7E89B16D2518CCF8009134C4 /* Debug */,
				7E89B16E2518CCF8009134C4 /* Release */,
			);
			defaultConfigurationIsVisible = 0;
			defaultConfigurationName = Release;
		};
/* End XCConfigurationList section */
	};
	rootObject = 7E89B1342518CCF7009134C4 /* Project object */;
}
